// !$*UTF8*$!
{
	archiveVersion = 1;
	classes = {
	};
	objectVersion = 56;
	objects = {

/* Begin PBXBuildFile section */
		2159C9662B96ED8100577C7E /* AppDelegate.swift in Sources */ = {isa = PBXBuildFile; fileRef = 2159C9652B96ED8100577C7E /* AppDelegate.swift */; };
		2159C96A2B96ED8100577C7E /* ViewController.swift in Sources */ = {isa = PBXBuildFile; fileRef = 2159C9692B96ED8100577C7E /* ViewController.swift */; };
		2159C96D2B96ED8100577C7E /* Main.storyboard in Resources */ = {isa = PBXBuildFile; fileRef = 2159C96B2B96ED8100577C7E /* Main.storyboard */; };
		2159C96F2B96ED8500577C7E /* Assets.xcassets in Resources */ = {isa = PBXBuildFile; fileRef = 2159C96E2B96ED8500577C7E /* Assets.xcassets */; };
		2159C9722B96ED8500577C7E /* LaunchScreen.storyboard in Resources */ = {isa = PBXBuildFile; fileRef = 2159C9702B96ED8500577C7E /* LaunchScreen.storyboard */; };
		2159C97C2B96EDFA00577C7E /* AppDelegateBuilder.swift in Sources */ = {isa = PBXBuildFile; fileRef = 2159C97B2B96EDFA00577C7E /* AppDelegateBuilder.swift */; };
		2159C97E2B96EE1200577C7E /* AppDelegateLogic.swift in Sources */ = {isa = PBXBuildFile; fileRef = 2159C97D2B96EE1200577C7E /* AppDelegateLogic.swift */; };
		2159C9822B96EE9500577C7E /* UIStoryboard+Addons.swift in Sources */ = {isa = PBXBuildFile; fileRef = 2159C9812B96EE9500577C7E /* UIStoryboard+Addons.swift */; };
		2159C9942B96EF9B00577C7E /* DashboardInteractor.swift in Sources */ = {isa = PBXBuildFile; fileRef = 2159C9872B96EF9B00577C7E /* DashboardInteractor.swift */; };
		2159C9952B96EF9B00577C7E /* DashboardPresenter.swift in Sources */ = {isa = PBXBuildFile; fileRef = 2159C9882B96EF9B00577C7E /* DashboardPresenter.swift */; };
		2159C9962B96EF9B00577C7E /* DashboardProtocols.swift in Sources */ = {isa = PBXBuildFile; fileRef = 2159C9892B96EF9B00577C7E /* DashboardProtocols.swift */; };
		2159C9972B96EF9B00577C7E /* DashboardRouter.swift in Sources */ = {isa = PBXBuildFile; fileRef = 2159C98A2B96EF9B00577C7E /* DashboardRouter.swift */; };
		2159C9982B96EF9B00577C7E /* DashboardViewController.xib in Resources */ = {isa = PBXBuildFile; fileRef = 2159C98B2B96EF9B00577C7E /* DashboardViewController.xib */; };
		2159C99B2B96EF9B00577C7E /* DashboardVCEntity.swift in Sources */ = {isa = PBXBuildFile; fileRef = 2159C98F2B96EF9B00577C7E /* DashboardVCEntity.swift */; };
		2159C99C2B96EF9B00577C7E /* DashboardDataSourceProtocol.swift in Sources */ = {isa = PBXBuildFile; fileRef = 2159C9902B96EF9B00577C7E /* DashboardDataSourceProtocol.swift */; };
		2159C99D2B96EF9B00577C7E /* DashboardVC.swift in Sources */ = {isa = PBXBuildFile; fileRef = 2159C9912B96EF9B00577C7E /* DashboardVC.swift */; };
		2159C9A22B96F41B00577C7E /* ServiceManager.swift in Sources */ = {isa = PBXBuildFile; fileRef = 2159C9A12B96F41B00577C7E /* ServiceManager.swift */; };
		2159C9A52B96F48A00577C7E /* Alamofire in Frameworks */ = {isa = PBXBuildFile; productRef = 2159C9A42B96F48A00577C7E /* Alamofire */; };
		2159C9A82B96F4A900577C7E /* Kingfisher in Frameworks */ = {isa = PBXBuildFile; productRef = 2159C9A72B96F4A900577C7E /* Kingfisher */; };
		2159C9AA2B96F4B400577C7E /* UIImageView+Addons.swift in Sources */ = {isa = PBXBuildFile; fileRef = 2159C9A92B96F4B400577C7E /* UIImageView+Addons.swift */; };
/* End PBXBuildFile section */

/* Begin PBXFileReference section */
		2159C9622B96ED8100577C7E /* Pokemon.app */ = {isa = PBXFileReference; explicitFileType = wrapper.application; includeInIndex = 0; path = Pokemon.app; sourceTree = BUILT_PRODUCTS_DIR; };
		2159C9652B96ED8100577C7E /* AppDelegate.swift */ = {isa = PBXFileReference; lastKnownFileType = sourcecode.swift; path = AppDelegate.swift; sourceTree = "<group>"; };
		2159C9692B96ED8100577C7E /* ViewController.swift */ = {isa = PBXFileReference; lastKnownFileType = sourcecode.swift; path = ViewController.swift; sourceTree = "<group>"; };
		2159C96C2B96ED8100577C7E /* Base */ = {isa = PBXFileReference; lastKnownFileType = file.storyboard; name = Base; path = Base.lproj/Main.storyboard; sourceTree = "<group>"; };
		2159C96E2B96ED8500577C7E /* Assets.xcassets */ = {isa = PBXFileReference; lastKnownFileType = folder.assetcatalog; path = Assets.xcassets; sourceTree = "<group>"; };
		2159C9712B96ED8500577C7E /* Base */ = {isa = PBXFileReference; lastKnownFileType = file.storyboard; name = Base; path = Base.lproj/LaunchScreen.storyboard; sourceTree = "<group>"; };
		2159C9732B96ED8500577C7E /* Info.plist */ = {isa = PBXFileReference; lastKnownFileType = text.plist.xml; path = Info.plist; sourceTree = "<group>"; };
		2159C97B2B96EDFA00577C7E /* AppDelegateBuilder.swift */ = {isa = PBXFileReference; lastKnownFileType = sourcecode.swift; path = AppDelegateBuilder.swift; sourceTree = "<group>"; };
		2159C97D2B96EE1200577C7E /* AppDelegateLogic.swift */ = {isa = PBXFileReference; lastKnownFileType = sourcecode.swift; path = AppDelegateLogic.swift; sourceTree = "<group>"; };
		2159C9812B96EE9500577C7E /* UIStoryboard+Addons.swift */ = {isa = PBXFileReference; lastKnownFileType = sourcecode.swift; path = "UIStoryboard+Addons.swift"; sourceTree = "<group>"; };
		2159C9872B96EF9B00577C7E /* DashboardInteractor.swift */ = {isa = PBXFileReference; fileEncoding = 4; lastKnownFileType = sourcecode.swift; path = DashboardInteractor.swift; sourceTree = "<group>"; };
		2159C9882B96EF9B00577C7E /* DashboardPresenter.swift */ = {isa = PBXFileReference; fileEncoding = 4; lastKnownFileType = sourcecode.swift; path = DashboardPresenter.swift; sourceTree = "<group>"; };
		2159C9892B96EF9B00577C7E /* DashboardProtocols.swift */ = {isa = PBXFileReference; fileEncoding = 4; lastKnownFileType = sourcecode.swift; path = DashboardProtocols.swift; sourceTree = "<group>"; };
		2159C98A2B96EF9B00577C7E /* DashboardRouter.swift */ = {isa = PBXFileReference; fileEncoding = 4; lastKnownFileType = sourcecode.swift; path = DashboardRouter.swift; sourceTree = "<group>"; };
		2159C98B2B96EF9B00577C7E /* DashboardViewController.xib */ = {isa = PBXFileReference; fileEncoding = 4; lastKnownFileType = file.xib; path = DashboardViewController.xib; sourceTree = "<group>"; };
		2159C98F2B96EF9B00577C7E /* DashboardVCEntity.swift */ = {isa = PBXFileReference; fileEncoding = 4; lastKnownFileType = sourcecode.swift; path = DashboardVCEntity.swift; sourceTree = "<group>"; };
		2159C9902B96EF9B00577C7E /* DashboardDataSourceProtocol.swift */ = {isa = PBXFileReference; fileEncoding = 4; lastKnownFileType = sourcecode.swift; path = DashboardDataSourceProtocol.swift; sourceTree = "<group>"; };
		2159C9912B96EF9B00577C7E /* DashboardVC.swift */ = {isa = PBXFileReference; fileEncoding = 4; lastKnownFileType = sourcecode.swift; path = DashboardVC.swift; sourceTree = "<group>"; };
		2159C9A12B96F41B00577C7E /* ServiceManager.swift */ = {isa = PBXFileReference; lastKnownFileType = sourcecode.swift; path = ServiceManager.swift; sourceTree = "<group>"; };
		2159C9A92B96F4B400577C7E /* UIImageView+Addons.swift */ = {isa = PBXFileReference; lastKnownFileType = sourcecode.swift; path = "UIImageView+Addons.swift"; sourceTree = "<group>"; };
/* End PBXFileReference section */

/* Begin PBXFrameworksBuildPhase section */
		2159C95F2B96ED8100577C7E /* Frameworks */ = {
			isa = PBXFrameworksBuildPhase;
			buildActionMask = 2147483647;
			files = (
				2159C9A82B96F4A900577C7E /* Kingfisher in Frameworks */,
				2159C9A52B96F48A00577C7E /* Alamofire in Frameworks */,
			);
			runOnlyForDeploymentPostprocessing = 0;
		};
/* End PBXFrameworksBuildPhase section */

/* Begin PBXGroup section */
		2159C9592B96ED8100577C7E = {
			isa = PBXGroup;
			children = (
				2159C9642B96ED8100577C7E /* Pokemon */,
				2159C9632B96ED8100577C7E /* Products */,
			);
			sourceTree = "<group>";
		};
		2159C9632B96ED8100577C7E /* Products */ = {
			isa = PBXGroup;
			children = (
				2159C9622B96ED8100577C7E /* Pokemon.app */,
			);
			name = Products;
			sourceTree = "<group>";
		};
		2159C9642B96ED8100577C7E /* Pokemon */ = {
			isa = PBXGroup;
			children = (
				2159C9A02B96F3F800577C7E /* Core */,
				2159C97F2B96EE2800577C7E /* Common */,
				2159C9792B96EDC200577C7E /* Scene */,
				2159C9692B96ED8100577C7E /* ViewController.swift */,
				2159C96B2B96ED8100577C7E /* Main.storyboard */,
				2159C96E2B96ED8500577C7E /* Assets.xcassets */,
				2159C9702B96ED8500577C7E /* LaunchScreen.storyboard */,
				2159C9732B96ED8500577C7E /* Info.plist */,
			);
			path = Pokemon;
			sourceTree = "<group>";
		};
		2159C9792B96EDC200577C7E /* Scene */ = {
			isa = PBXGroup;
			children = (
				2159C9862B96EF9B00577C7E /* Dashboard */,
				2159C97A2B96EDC800577C7E /* Delegate */,
			);
			path = Scene;
			sourceTree = "<group>";
		};
		2159C97A2B96EDC800577C7E /* Delegate */ = {
			isa = PBXGroup;
			children = (
				2159C9652B96ED8100577C7E /* AppDelegate.swift */,
				2159C97B2B96EDFA00577C7E /* AppDelegateBuilder.swift */,
				2159C97D2B96EE1200577C7E /* AppDelegateLogic.swift */,
			);
			path = Delegate;
			sourceTree = "<group>";
		};
		2159C97F2B96EE2800577C7E /* Common */ = {
			isa = PBXGroup;
			children = (
				2159C9802B96EE3100577C7E /* Extension */,
			);
			path = Common;
			sourceTree = "<group>";
		};
		2159C9802B96EE3100577C7E /* Extension */ = {
			isa = PBXGroup;
			children = (
				2159C9812B96EE9500577C7E /* UIStoryboard+Addons.swift */,
				2159C9A92B96F4B400577C7E /* UIImageView+Addons.swift */,
			);
			path = Extension;
			sourceTree = "<group>";
		};
		2159C9862B96EF9B00577C7E /* Dashboard */ = {
			isa = PBXGroup;
			children = (
				2159C9872B96EF9B00577C7E /* DashboardInteractor.swift */,
				2159C9882B96EF9B00577C7E /* DashboardPresenter.swift */,
				2159C9892B96EF9B00577C7E /* DashboardProtocols.swift */,
				2159C98A2B96EF9B00577C7E /* DashboardRouter.swift */,
				2159C98B2B96EF9B00577C7E /* DashboardViewController.xib */,
				2159C98F2B96EF9B00577C7E /* DashboardVCEntity.swift */,
				2159C9902B96EF9B00577C7E /* DashboardDataSourceProtocol.swift */,
				2159C9912B96EF9B00577C7E /* DashboardVC.swift */,
			);
			path = Dashboard;
			sourceTree = "<group>";
		};
		2159C9A02B96F3F800577C7E /* Core */ = {
			isa = PBXGroup;
			children = (
				2159C9A12B96F41B00577C7E /* ServiceManager.swift */,
			);
			path = Core;
			sourceTree = "<group>";
		};
/* End PBXGroup section */

/* Begin PBXNativeTarget section */
		2159C9612B96ED8100577C7E /* Pokemon */ = {
			isa = PBXNativeTarget;
			buildConfigurationList = 2159C9762B96ED8500577C7E /* Build configuration list for PBXNativeTarget "Pokemon" */;
			buildPhases = (
				2159C95E2B96ED8100577C7E /* Sources */,
				2159C95F2B96ED8100577C7E /* Frameworks */,
				2159C9602B96ED8100577C7E /* Resources */,
			);
			buildRules = (
			);
			dependencies = (
			);
			name = Pokemon;
			packageProductDependencies = (
				2159C9A42B96F48A00577C7E /* Alamofire */,
				2159C9A72B96F4A900577C7E /* Kingfisher */,
			);
			productName = Pokemon;
			productReference = 2159C9622B96ED8100577C7E /* Pokemon.app */;
			productType = "com.apple.product-type.application";
		};
/* End PBXNativeTarget section */

/* Begin PBXProject section */
		2159C95A2B96ED8100577C7E /* Project object */ = {
			isa = PBXProject;
			attributes = {
				BuildIndependentTargetsInParallel = 1;
				LastSwiftUpdateCheck = 1520;
				LastUpgradeCheck = 1520;
				TargetAttributes = {
					2159C9612B96ED8100577C7E = {
						CreatedOnToolsVersion = 15.2;
					};
				};
			};
			buildConfigurationList = 2159C95D2B96ED8100577C7E /* Build configuration list for PBXProject "Pokemon" */;
			compatibilityVersion = "Xcode 14.0";
			developmentRegion = en;
			hasScannedForEncodings = 0;
			knownRegions = (
				en,
				Base,
			);
			mainGroup = 2159C9592B96ED8100577C7E;
			packageReferences = (
				2159C9A32B96F48A00577C7E /* XCRemoteSwiftPackageReference "Alamofire" */,
				2159C9A62B96F4A900577C7E /* XCRemoteSwiftPackageReference "Kingfisher" */,
			);
			productRefGroup = 2159C9632B96ED8100577C7E /* Products */;
			projectDirPath = "";
			projectRoot = "";
			targets = (
				2159C9612B96ED8100577C7E /* Pokemon */,
			);
		};
/* End PBXProject section */

/* Begin PBXResourcesBuildPhase section */
		2159C9602B96ED8100577C7E /* Resources */ = {
			isa = PBXResourcesBuildPhase;
			buildActionMask = 2147483647;
			files = (
				2159C9722B96ED8500577C7E /* LaunchScreen.storyboard in Resources */,
				2159C96F2B96ED8500577C7E /* Assets.xcassets in Resources */,
				2159C96D2B96ED8100577C7E /* Main.storyboard in Resources */,
				2159C9982B96EF9B00577C7E /* DashboardViewController.xib in Resources */,
			);
			runOnlyForDeploymentPostprocessing = 0;
		};
/* End PBXResourcesBuildPhase section */

/* Begin PBXSourcesBuildPhase section */
		2159C95E2B96ED8100577C7E /* Sources */ = {
			isa = PBXSourcesBuildPhase;
			buildActionMask = 2147483647;
			files = (
				2159C9962B96EF9B00577C7E /* DashboardProtocols.swift in Sources */,
				2159C99D2B96EF9B00577C7E /* DashboardVC.swift in Sources */,
				2159C96A2B96ED8100577C7E /* ViewController.swift in Sources */,
				2159C97C2B96EDFA00577C7E /* AppDelegateBuilder.swift in Sources */,
				2159C9A22B96F41B00577C7E /* ServiceManager.swift in Sources */,
				2159C99C2B96EF9B00577C7E /* DashboardDataSourceProtocol.swift in Sources */,
				2159C99B2B96EF9B00577C7E /* DashboardVCEntity.swift in Sources */,
				2159C9662B96ED8100577C7E /* AppDelegate.swift in Sources */,
				2159C9822B96EE9500577C7E /* UIStoryboard+Addons.swift in Sources */,
				2159C9952B96EF9B00577C7E /* DashboardPresenter.swift in Sources */,
				2159C97E2B96EE1200577C7E /* AppDelegateLogic.swift in Sources */,
				2159C9AA2B96F4B400577C7E /* UIImageView+Addons.swift in Sources */,
				2159C9972B96EF9B00577C7E /* DashboardRouter.swift in Sources */,
				2159C9942B96EF9B00577C7E /* DashboardInteractor.swift in Sources */,
			);
			runOnlyForDeploymentPostprocessing = 0;
		};
/* End PBXSourcesBuildPhase section */

/* Begin PBXVariantGroup section */
		2159C96B2B96ED8100577C7E /* Main.storyboard */ = {
			isa = PBXVariantGroup;
			children = (
				2159C96C2B96ED8100577C7E /* Base */,
			);
			name = Main.storyboard;
			sourceTree = "<group>";
		};
		2159C9702B96ED8500577C7E /* LaunchScreen.storyboard */ = {
			isa = PBXVariantGroup;
			children = (
				2159C9712B96ED8500577C7E /* Base */,
			);
			name = LaunchScreen.storyboard;
			sourceTree = "<group>";
		};
/* End PBXVariantGroup section */

/* Begin XCBuildConfiguration section */
		2159C9742B96ED8500577C7E /* Debug */ = {
			isa = XCBuildConfiguration;
			buildSettings = {
				ALWAYS_SEARCH_USER_PATHS = NO;
				ASSETCATALOG_COMPILER_GENERATE_SWIFT_ASSET_SYMBOL_EXTENSIONS = YES;
				CLANG_ANALYZER_NONNULL = YES;
				CLANG_ANALYZER_NUMBER_OBJECT_CONVERSION = YES_AGGRESSIVE;
				CLANG_CXX_LANGUAGE_STANDARD = "gnu++20";
				CLANG_ENABLE_MODULES = YES;
				CLANG_ENABLE_OBJC_ARC = YES;
				CLANG_ENABLE_OBJC_WEAK = YES;
				CLANG_WARN_BLOCK_CAPTURE_AUTORELEASING = YES;
				CLANG_WARN_BOOL_CONVERSION = YES;
				CLANG_WARN_COMMA = YES;
				CLANG_WARN_CONSTANT_CONVERSION = YES;
				CLANG_WARN_DEPRECATED_OBJC_IMPLEMENTATIONS = YES;
				CLANG_WARN_DIRECT_OBJC_ISA_USAGE = YES_ERROR;
				CLANG_WARN_DOCUMENTATION_COMMENTS = YES;
				CLANG_WARN_EMPTY_BODY = YES;
				CLANG_WARN_ENUM_CONVERSION = YES;
				CLANG_WARN_INFINITE_RECURSION = YES;
				CLANG_WARN_INT_CONVERSION = YES;
				CLANG_WARN_NON_LITERAL_NULL_CONVERSION = YES;
				CLANG_WARN_OBJC_IMPLICIT_RETAIN_SELF = YES;
				CLANG_WARN_OBJC_LITERAL_CONVERSION = YES;
				CLANG_WARN_OBJC_ROOT_CLASS = YES_ERROR;
				CLANG_WARN_QUOTED_INCLUDE_IN_FRAMEWORK_HEADER = YES;
				CLANG_WARN_RANGE_LOOP_ANALYSIS = YES;
				CLANG_WARN_STRICT_PROTOTYPES = YES;
				CLANG_WARN_SUSPICIOUS_MOVE = YES;
				CLANG_WARN_UNGUARDED_AVAILABILITY = YES_AGGRESSIVE;
				CLANG_WARN_UNREACHABLE_CODE = YES;
				CLANG_WARN__DUPLICATE_METHOD_MATCH = YES;
				COPY_PHASE_STRIP = NO;
				DEBUG_INFORMATION_FORMAT = dwarf;
				ENABLE_STRICT_OBJC_MSGSEND = YES;
				ENABLE_TESTABILITY = YES;
				ENABLE_USER_SCRIPT_SANDBOXING = YES;
				GCC_C_LANGUAGE_STANDARD = gnu17;
				GCC_DYNAMIC_NO_PIC = NO;
				GCC_NO_COMMON_BLOCKS = YES;
				GCC_OPTIMIZATION_LEVEL = 0;
				GCC_PREPROCESSOR_DEFINITIONS = (
					"DEBUG=1",
					"$(inherited)",
				);
				GCC_WARN_64_TO_32_BIT_CONVERSION = YES;
				GCC_WARN_ABOUT_RETURN_TYPE = YES_ERROR;
				GCC_WARN_UNDECLARED_SELECTOR = YES;
				GCC_WARN_UNINITIALIZED_AUTOS = YES_AGGRESSIVE;
				GCC_WARN_UNUSED_FUNCTION = YES;
				GCC_WARN_UNUSED_VARIABLE = YES;
				IPHONEOS_DEPLOYMENT_TARGET = 17.2;
				LOCALIZATION_PREFERS_STRING_CATALOGS = YES;
				MTL_ENABLE_DEBUG_INFO = INCLUDE_SOURCE;
				MTL_FAST_MATH = YES;
				ONLY_ACTIVE_ARCH = YES;
				SDKROOT = iphoneos;
				SWIFT_ACTIVE_COMPILATION_CONDITIONS = "DEBUG $(inherited)";
				SWIFT_OPTIMIZATION_LEVEL = "-Onone";
			};
			name = Debug;
		};
		2159C9752B96ED8500577C7E /* Release */ = {
			isa = XCBuildConfiguration;
			buildSettings = {
				ALWAYS_SEARCH_USER_PATHS = NO;
				ASSETCATALOG_COMPILER_GENERATE_SWIFT_ASSET_SYMBOL_EXTENSIONS = YES;
				CLANG_ANALYZER_NONNULL = YES;
				CLANG_ANALYZER_NUMBER_OBJECT_CONVERSION = YES_AGGRESSIVE;
				CLANG_CXX_LANGUAGE_STANDARD = "gnu++20";
				CLANG_ENABLE_MODULES = YES;
				CLANG_ENABLE_OBJC_ARC = YES;
				CLANG_ENABLE_OBJC_WEAK = YES;
				CLANG_WARN_BLOCK_CAPTURE_AUTORELEASING = YES;
				CLANG_WARN_BOOL_CONVERSION = YES;
				CLANG_WARN_COMMA = YES;
				CLANG_WARN_CONSTANT_CONVERSION = YES;
				CLANG_WARN_DEPRECATED_OBJC_IMPLEMENTATIONS = YES;
				CLANG_WARN_DIRECT_OBJC_ISA_USAGE = YES_ERROR;
				CLANG_WARN_DOCUMENTATION_COMMENTS = YES;
				CLANG_WARN_EMPTY_BODY = YES;
				CLANG_WARN_ENUM_CONVERSION = YES;
				CLANG_WARN_INFINITE_RECURSION = YES;
				CLANG_WARN_INT_CONVERSION = YES;
				CLANG_WARN_NON_LITERAL_NULL_CONVERSION = YES;
				CLANG_WARN_OBJC_IMPLICIT_RETAIN_SELF = YES;
				CLANG_WARN_OBJC_LITERAL_CONVERSION = YES;
				CLANG_WARN_OBJC_ROOT_CLASS = YES_ERROR;
				CLANG_WARN_QUOTED_INCLUDE_IN_FRAMEWORK_HEADER = YES;
				CLANG_WARN_RANGE_LOOP_ANALYSIS = YES;
				CLANG_WARN_STRICT_PROTOTYPES = YES;
				CLANG_WARN_SUSPICIOUS_MOVE = YES;
				CLANG_WARN_UNGUARDED_AVAILABILITY = YES_AGGRESSIVE;
				CLANG_WARN_UNREACHABLE_CODE = YES;
				CLANG_WARN__DUPLICATE_METHOD_MATCH = YES;
				COPY_PHASE_STRIP = NO;
				DEBUG_INFORMATION_FORMAT = "dwarf-with-dsym";
				ENABLE_NS_ASSERTIONS = NO;
				ENABLE_STRICT_OBJC_MSGSEND = YES;
				ENABLE_USER_SCRIPT_SANDBOXING = YES;
				GCC_C_LANGUAGE_STANDARD = gnu17;
				GCC_NO_COMMON_BLOCKS = YES;
				GCC_WARN_64_TO_32_BIT_CONVERSION = YES;
				GCC_WARN_ABOUT_RETURN_TYPE = YES_ERROR;
				GCC_WARN_UNDECLARED_SELECTOR = YES;
				GCC_WARN_UNINITIALIZED_AUTOS = YES_AGGRESSIVE;
				GCC_WARN_UNUSED_FUNCTION = YES;
				GCC_WARN_UNUSED_VARIABLE = YES;
				IPHONEOS_DEPLOYMENT_TARGET = 17.2;
				LOCALIZATION_PREFERS_STRING_CATALOGS = YES;
				MTL_ENABLE_DEBUG_INFO = NO;
				MTL_FAST_MATH = YES;
				SDKROOT = iphoneos;
				SWIFT_COMPILATION_MODE = wholemodule;
				VALIDATE_PRODUCT = YES;
			};
			name = Release;
		};
		2159C9772B96ED8500577C7E /* Debug */ = {
			isa = XCBuildConfiguration;
			buildSettings = {
				ASSETCATALOG_COMPILER_APPICON_NAME = AppIcon;
				ASSETCATALOG_COMPILER_GLOBAL_ACCENT_COLOR_NAME = AccentColor;
				CODE_SIGN_STYLE = Automatic;
				CURRENT_PROJECT_VERSION = 1;
				GENERATE_INFOPLIST_FILE = YES;
				INFOPLIST_FILE = Pokemon/Info.plist;
				INFOPLIST_KEY_UIApplicationSupportsIndirectInputEvents = YES;
				INFOPLIST_KEY_UILaunchStoryboardName = LaunchScreen;
				INFOPLIST_KEY_UIMainStoryboardFile = Main;
				INFOPLIST_KEY_UISupportedInterfaceOrientations_iPad = "UIInterfaceOrientationPortrait UIInterfaceOrientationPortraitUpsideDown UIInterfaceOrientationLandscapeLeft UIInterfaceOrientationLandscapeRight";
				INFOPLIST_KEY_UISupportedInterfaceOrientations_iPhone = "UIInterfaceOrientationPortrait UIInterfaceOrientationLandscapeLeft UIInterfaceOrientationLandscapeRight";
				LD_RUNPATH_SEARCH_PATHS = (
					"$(inherited)",
					"@executable_path/Frameworks",
				);
				MARKETING_VERSION = 1.0;
				PRODUCT_BUNDLE_IDENTIFIER = com.ricardo26.Pokemon;
				PRODUCT_NAME = "$(TARGET_NAME)";
				SWIFT_EMIT_LOC_STRINGS = YES;
				SWIFT_VERSION = 5.0;
				TARGETED_DEVICE_FAMILY = "1,2";
			};
			name = Debug;
		};
		2159C9782B96ED8500577C7E /* Release */ = {
			isa = XCBuildConfiguration;
			buildSettings = {
				ASSETCATALOG_COMPILER_APPICON_NAME = AppIcon;
				ASSETCATALOG_COMPILER_GLOBAL_ACCENT_COLOR_NAME = AccentColor;
				CODE_SIGN_STYLE = Automatic;
				CURRENT_PROJECT_VERSION = 1;
				GENERATE_INFOPLIST_FILE = YES;
				INFOPLIST_FILE = Pokemon/Info.plist;
				INFOPLIST_KEY_UIApplicationSupportsIndirectInputEvents = YES;
				INFOPLIST_KEY_UILaunchStoryboardName = LaunchScreen;
				INFOPLIST_KEY_UIMainStoryboardFile = Main;
				INFOPLIST_KEY_UISupportedInterfaceOrientations_iPad = "UIInterfaceOrientationPortrait UIInterfaceOrientationPortraitUpsideDown UIInterfaceOrientationLandscapeLeft UIInterfaceOrientationLandscapeRight";
				INFOPLIST_KEY_UISupportedInterfaceOrientations_iPhone = "UIInterfaceOrientationPortrait UIInterfaceOrientationLandscapeLeft UIInterfaceOrientationLandscapeRight";
				LD_RUNPATH_SEARCH_PATHS = (
					"$(inherited)",
					"@executable_path/Frameworks",
				);
				MARKETING_VERSION = 1.0;
				PRODUCT_BUNDLE_IDENTIFIER = com.ricardo26.Pokemon;
				PRODUCT_NAME = "$(TARGET_NAME)";
				SWIFT_EMIT_LOC_STRINGS = YES;
				SWIFT_VERSION = 5.0;
				TARGETED_DEVICE_FAMILY = "1,2";
			};
			name = Release;
		};
/* End XCBuildConfiguration section */

/* Begin XCConfigurationList section */
		2159C95D2B96ED8100577C7E /* Build configuration list for PBXProject "Pokemon" */ = {
			isa = XCConfigurationList;
			buildConfigurations = (
				2159C9742B96ED8500577C7E /* Debug */,
				2159C9752B96ED8500577C7E /* Release */,
			);
			defaultConfigurationIsVisible = 0;
			defaultConfigurationName = Release;
		};
		2159C9762B96ED8500577C7E /* Build configuration list for PBXNativeTarget "Pokemon" */ = {
			isa = XCConfigurationList;
			buildConfigurations = (
				2159C9772B96ED8500577C7E /* Debug */,
				2159C9782B96ED8500577C7E /* Release */,
			);
			defaultConfigurationIsVisible = 0;
			defaultConfigurationName = Release;
		};
/* End XCConfigurationList section */

/* Begin XCRemoteSwiftPackageReference section */
		2159C9A32B96F48A00577C7E /* XCRemoteSwiftPackageReference "Alamofire" */ = {
			isa = XCRemoteSwiftPackageReference;
			repositoryURL = "https://github.com/Alamofire/Alamofire.git";
			requirement = {
				kind = exactVersion;
				version = 5.4.1;
			};
		};
		2159C9A62B96F4A900577C7E /* XCRemoteSwiftPackageReference "Kingfisher" */ = {
			isa = XCRemoteSwiftPackageReference;
			repositoryURL = "https://github.com/onevcat/Kingfisher.git";
			requirement = {
				kind = upToNextMajorVersion;
				minimumVersion = 7.11.0;
			};
		};
/* End XCRemoteSwiftPackageReference section */

/* Begin XCSwiftPackageProductDependency section */
		2159C9A42B96F48A00577C7E /* Alamofire */ = {
			isa = XCSwiftPackageProductDependency;
			package = 2159C9A32B96F48A00577C7E /* XCRemoteSwiftPackageReference "Alamofire" */;
			productName = Alamofire;
		};
		2159C9A72B96F4A900577C7E /* Kingfisher */ = {
			isa = XCSwiftPackageProductDependency;
			package = 2159C9A62B96F4A900577C7E /* XCRemoteSwiftPackageReference "Kingfisher" */;
			productName = Kingfisher;
		};
/* End XCSwiftPackageProductDependency section */
	};
	rootObject = 2159C95A2B96ED8100577C7E /* Project object */;
}
